<?xml version="1.0" encoding="utf-8"?>
<Project ToolsVersion="4.0" xmlns="http://schemas.microsoft.com/developer/msbuild/2003">
  <ItemGroup>
    <Filter Include="소스 파일">
      <UniqueIdentifier>{4FC737F1-C7A5-4376-A066-2A32D752A2FF}</UniqueIdentifier>
      <Extensions>cpp;c;cc;cxx;def;odl;idl;hpj;bat;asm;asmx</Extensions>
    </Filter>
    <Filter Include="헤더 파일">
      <UniqueIdentifier>{93995380-89BD-4b04-88EB-625FBE52EBFB}</UniqueIdentifier>
      <Extensions>h;hh;hpp;hxx;hm;inl;inc;xsd</Extensions>
    </Filter>
    <Filter Include="리소스 파일">
      <UniqueIdentifier>{67DA6AB6-F800-4c08-8B7A-83BB121AAD01}</UniqueIdentifier>
      <Extensions>rc;ico;cur;bmp;dlg;rc2;rct;bin;rgs;gif;jpg;jpeg;jpe;resx;tiff;tif;png;wav;mfcribbon-ms</Extensions>
    </Filter>
    <Filter Include="D3D Core">
      <UniqueIdentifier>{7a9ad97c-09d8-4716-a30f-b6d891dc555c}</UniqueIdentifier>
    </Filter>
    <Filter Include="D3D Core\코어 헤더파일">
      <UniqueIdentifier>{9de5f299-b97a-4cbc-8b76-fa4257b5fed2}</UniqueIdentifier>
    </Filter>
    <Filter Include="D3D Core\코어 소스">
      <UniqueIdentifier>{6658b04b-ad02-4972-bbd6-56610a7d0b17}</UniqueIdentifier>
    </Filter>
    <Filter Include="소스 파일\Sound">
      <UniqueIdentifier>{61d52f9b-efee-4445-a052-f6c4ab5227fc}</UniqueIdentifier>
    </Filter>
    <Filter Include="소스 파일\GameManager">
      <UniqueIdentifier>{cebaf1a7-eceb-4a76-b89b-546059c9a4bf}</UniqueIdentifier>
    </Filter>
    <Filter Include="소스 파일\Mysql">
      <UniqueIdentifier>{8f36a8e7-495b-493c-9a78-ed4359633356}</UniqueIdentifier>
    </Filter>
    <Filter Include="소스 파일\콜라이더">
      <UniqueIdentifier>{12a0cf25-2be5-4e1d-ad05-c2a84868a263}</UniqueIdentifier>
    </Filter>
    <Filter Include="소스 파일\플레이어1">
      <UniqueIdentifier>{f8c8a3c6-05dd-4a47-a445-8abeecaf107f}</UniqueIdentifier>
    </Filter>
    <Filter Include="소스 파일\플레이어2">
      <UniqueIdentifier>{d3a3e326-2847-465b-9737-da3607ab746a}</UniqueIdentifier>
    </Filter>
    <Filter Include="소스 파일\Map">
      <UniqueIdentifier>{cec1e42a-12c0-4cf8-9cca-8fc295a432ae}</UniqueIdentifier>
    </Filter>
    <Filter Include="소스 파일\새">
      <UniqueIdentifier>{c395f6ff-f95c-4ce2-9b5f-9c0d8e0b0332}</UniqueIdentifier>
    </Filter>
    <Filter Include="소스 파일\BattleManager">
      <UniqueIdentifier>{eb509863-b870-467a-846e-7c0102b7eaaf}</UniqueIdentifier>
    </Filter>
    <Filter Include="소스 파일\BattleAnimation">
      <UniqueIdentifier>{2b85179f-dad2-4086-9b22-349ae0f32d88}</UniqueIdentifier>
    </Filter>
    <Filter Include="소스 파일\Manage_AI">
      <UniqueIdentifier>{5db321a8-fe17-454a-b0fa-205be4fd4baa}</UniqueIdentifier>
    </Filter>
    <Filter Include="소스 파일\Manage_Board">
      <UniqueIdentifier>{c4ad59f7-cb10-4f3a-ad8f-f629a9094415}</UniqueIdentifier>
    </Filter>
    <Filter Include="소스 파일\Manage_Board\Board">
      <UniqueIdentifier>{ba6369d2-1d04-42fb-8949-0ac547f972de}</UniqueIdentifier>
    </Filter>
    <Filter Include="소스 파일\Manage_Board\BoardController">
      <UniqueIdentifier>{68cba79e-eb77-404f-ab67-82b7d2778171}</UniqueIdentifier>
    </Filter>
    <Filter Include="소스 파일\Manage_Board\BoardUI">
      <UniqueIdentifier>{dfb6c3cb-e0d6-4693-94a1-395c89f716c7}</UniqueIdentifier>
    </Filter>
    <Filter Include="소스 파일\Manage_Board\BoardUIController">
      <UniqueIdentifier>{f2c1977b-a987-489e-b4a9-13b349aeeec7}</UniqueIdentifier>
    </Filter>
    <Filter Include="소스 파일\Manage_AI\BasicMaterialEvaluator">
      <UniqueIdentifier>{b01d7c0d-ec81-4934-8b2d-a37286cef1bf}</UniqueIdentifier>
    </Filter>
    <Filter Include="소스 파일\Manage_AI\IBoardEvaluator">
      <UniqueIdentifier>{bf951ba8-a505-412b-8e02-fd47a5397ea0}</UniqueIdentifier>
    </Filter>
    <Filter Include="소스 파일\Manage_AI\ChessAI">
      <UniqueIdentifier>{a64de3fc-9f7a-4b11-9ef9-5b9e2a1d14d1}</UniqueIdentifier>
    </Filter>
    <Filter Include="소스 파일\Manage_Board\Piece">
      <UniqueIdentifier>{ff800180-daee-4510-8de3-edf27859dcec}</UniqueIdentifier>
    </Filter>
    <Filter Include="소스 파일\Manage_Board\PieceCtrl">
      <UniqueIdentifier>{2aeee4d2-c27e-4998-ad37-74850d92c3e1}</UniqueIdentifier>
    </Filter>
    <Filter Include="소스 파일\FMOD">
      <UniqueIdentifier>{42228873-db96-4450-92ce-0649ec0dab2c}</UniqueIdentifier>
    </Filter>
    <Filter Include="소스 파일\Manage_AI\AIConfig">
      <UniqueIdentifier>{3fa9951a-c6f4-4426-b2ca-f28d1a262c9f}</UniqueIdentifier>
    </Filter>
    <Filter Include="소스 파일\Transition">
      <UniqueIdentifier>{2668f6d3-e78b-4b13-9aac-c2e59ad2544c}</UniqueIdentifier>
    </Filter>
    <Filter Include="소스 파일\TransitionChar">
      <UniqueIdentifier>{b1d50a46-3180-4de1-a402-6c19b39dcbce}</UniqueIdentifier>
    </Filter>
  </ItemGroup>
  <ItemGroup>
    <ClInclude Include="Define.h">
      <Filter>D3D Core\코어 헤더파일</Filter>
    </ClInclude>
    <ClInclude Include="Game.h">
      <Filter>D3D Core\코어 헤더파일</Filter>
    </ClInclude>
    <ClInclude Include="key.h">
      <Filter>D3D Core\코어 헤더파일</Filter>
    </ClInclude>
    <ClInclude Include="Sprite.h">
      <Filter>D3D Core\코어 헤더파일</Filter>
    </ClInclude>
    <ClInclude Include="Chap.h">
      <Filter>D3D Core\코어 헤더파일</Filter>
    </ClInclude>
    <ClInclude Include="CMng.h">
      <Filter>D3D Core\코어 헤더파일</Filter>
    </ClInclude>
    <ClInclude Include="Logo.h">
      <Filter>D3D Core\코어 헤더파일</Filter>
    </ClInclude>
    <ClInclude Include="Menu.h">
      <Filter>D3D Core\코어 헤더파일</Filter>
    </ClInclude>
    <ClInclude Include="Over.h">
      <Filter>D3D Core\코어 헤더파일</Filter>
    </ClInclude>
    <ClInclude Include="DXUTsound.h">
      <Filter>D3D Core\코어 헤더파일</Filter>
    </ClInclude>
    <ClInclude Include="Sound.h">
      <Filter>소스 파일\Sound</Filter>
    </ClInclude>
    <ClInclude Include="GameManager.h">
      <Filter>소스 파일\GameManager</Filter>
    </ClInclude>
    <ClInclude Include="DeviceFont.h">
      <Filter>D3D Core\코어 헤더파일</Filter>
    </ClInclude>
    <ClInclude Include="Mysql.h">
      <Filter>소스 파일\Mysql</Filter>
    </ClInclude>
    <ClInclude Include="Include.h">
      <Filter>D3D Core\코어 헤더파일</Filter>
    </ClInclude>
    <ClInclude Include="Collider.h">
      <Filter>소스 파일\콜라이더</Filter>
    </ClInclude>
    <ClInclude Include="Player.h">
      <Filter>소스 파일\플레이어1</Filter>
    </ClInclude>
    <ClInclude Include="Player2.h">
      <Filter>소스 파일\플레이어2</Filter>
    </ClInclude>
    <ClInclude Include="Map.h">
      <Filter>소스 파일\Map</Filter>
    </ClInclude>
    <ClInclude Include="Camera.h">
      <Filter>D3D Core\코어 헤더파일</Filter>
    </ClInclude>
    <ClInclude Include="Bird.h">
      <Filter>소스 파일\새</Filter>
    </ClInclude>
    <ClInclude Include="Board.h">
      <Filter>소스 파일\Manage_Board\Board</Filter>
    </ClInclude>
    <ClInclude Include="BattleAnimation.h">
      <Filter>소스 파일\BattleAnimation</Filter>
    </ClInclude>
    <ClInclude Include="Piece.h">
      <Filter>소스 파일\Manage_Board\Piece</Filter>
    </ClInclude>
    <ClInclude Include="PieceCtrl.h">
      <Filter>소스 파일\Manage_Board\PieceCtrl</Filter>
    </ClInclude>
    <ClInclude Include="BoardController.h">
      <Filter>소스 파일\Manage_Board\BoardController</Filter>
    </ClInclude>
    <ClInclude Include="BattleManager.h">
      <Filter>소스 파일\BattleManager</Filter>
    </ClInclude>
    <ClInclude Include="King.h">
      <Filter>소스 파일\Manage_Board\Piece</Filter>
    </ClInclude>
    <ClInclude Include="Knight.h">
      <Filter>소스 파일\Manage_Board\Piece</Filter>
    </ClInclude>
    <ClInclude Include="Queen.h">
      <Filter>소스 파일\Manage_Board\Piece</Filter>
    </ClInclude>
    <ClInclude Include="Rook.h">
      <Filter>소스 파일\Manage_Board\Piece</Filter>
    </ClInclude>
    <ClInclude Include="BoardUI.h">
      <Filter>소스 파일\Manage_Board\BoardUI</Filter>
    </ClInclude>
    <ClInclude Include="BoardUIController.h">
      <Filter>소스 파일\Manage_Board\BoardUIController</Filter>
    </ClInclude>
    <ClInclude Include="Bishop.h">
      <Filter>소스 파일\Manage_Board\Piece</Filter>
    </ClInclude>
    <ClInclude Include="Pawn.h">
      <Filter>소스 파일\Manage_Board\Piece</Filter>
    </ClInclude>
    <ClInclude Include="IBoardEvaluator.h">
      <Filter>소스 파일\Manage_AI\IBoardEvaluator</Filter>
    </ClInclude>
    <ClInclude Include="BasicMaterialEvaluator.h">
      <Filter>소스 파일\Manage_AI\BasicMaterialEvaluator</Filter>
    </ClInclude>
    <ClInclude Include="Move.h">
      <Filter>소스 파일</Filter>
    </ClInclude>
    <ClInclude Include="FMOD.h">
      <Filter>소스 파일\FMOD</Filter>
    </ClInclude>
    <ClInclude Include="AIConfig.h">
      <Filter>소스 파일\Manage_AI\AIConfig</Filter>
    </ClInclude>
    <ClInclude Include="ChessAI.h">
      <Filter>소스 파일\Manage_AI\ChessAI</Filter>
    </ClInclude>
    <ClInclude Include="Transition.h">
      <Filter>소스 파일\Transition</Filter>
    </ClInclude>
    <ClInclude Include="TransitionChar.h">
      <Filter>소스 파일\TransitionChar</Filter>
    </ClInclude>
  </ItemGroup>
  <ItemGroup>
    <ClCompile Include="key.cpp">
      <Filter>D3D Core\코어 소스</Filter>
    </ClCompile>
    <ClCompile Include="Sprite.cpp">
      <Filter>D3D Core\코어 소스</Filter>
    </ClCompile>
    <ClCompile Include="CMng.cpp">
      <Filter>D3D Core\코어 소스</Filter>
    </ClCompile>
    <ClCompile Include="Menu.cpp">
      <Filter>D3D Core\코어 소스</Filter>
    </ClCompile>
    <ClCompile Include="Over.cpp">
      <Filter>D3D Core\코어 소스</Filter>
    </ClCompile>
    <ClCompile Include="Logo.cpp">
      <Filter>D3D Core\코어 소스</Filter>
    </ClCompile>
    <ClCompile Include="DXUTsound.cpp">
      <Filter>D3D Core\코어 소스</Filter>
    </ClCompile>
    <ClCompile Include="Sound.cpp">
      <Filter>소스 파일\Sound</Filter>
    </ClCompile>
    <ClCompile Include="GameManager.cpp">
      <Filter>소스 파일\GameManager</Filter>
    </ClCompile>
    <ClCompile Include="DeviceFont.cpp">
      <Filter>D3D Core\코어 소스</Filter>
    </ClCompile>
    <ClCompile Include="Mysql.cpp">
      <Filter>소스 파일\Mysql</Filter>
    </ClCompile>
    <ClCompile Include="Game.cpp">
      <Filter>D3D Core\코어 소스</Filter>
    </ClCompile>
    <ClCompile Include="Main.cpp">
      <Filter>D3D Core\코어 소스</Filter>
    </ClCompile>
    <ClCompile Include="Collider.cpp">
      <Filter>소스 파일\콜라이더</Filter>
    </ClCompile>
    <ClCompile Include="Player.cpp">
      <Filter>소스 파일\플레이어1</Filter>
    </ClCompile>
    <ClCompile Include="Player2.cpp">
      <Filter>소스 파일\플레이어2</Filter>
    </ClCompile>
    <ClCompile Include="Map.cpp">
      <Filter>소스 파일\Map</Filter>
    </ClCompile>
    <ClCompile Include="Camera.cpp">
      <Filter>D3D Core\코어 소스</Filter>
    </ClCompile>
    <ClCompile Include="Bird.cpp">
      <Filter>소스 파일\새</Filter>
    </ClCompile>
    <ClCompile Include="Board.cpp">
      <Filter>소스 파일\Manage_Board\Board</Filter>
    </ClCompile>
    <ClCompile Include="BattleAnimation.cpp">
      <Filter>소스 파일\BattleAnimation</Filter>
    </ClCompile>
    <ClCompile Include="Piece.cpp">
      <Filter>소스 파일\Manage_Board\Piece</Filter>
    </ClCompile>
    <ClCompile Include="PieceCtrl.cpp">
      <Filter>소스 파일\Manage_Board\PieceCtrl</Filter>
    </ClCompile>
    <ClCompile Include="BoardController.cpp">
      <Filter>소스 파일\Manage_Board\BoardController</Filter>
    </ClCompile>
    <ClCompile Include="Pawn.cpp">
      <Filter>소스 파일\Manage_Board\Piece</Filter>
    </ClCompile>
    <ClCompile Include="Bishop.cpp">
      <Filter>소스 파일\Manage_Board\Piece</Filter>
    </ClCompile>
    <ClCompile Include="Knight.cpp">
      <Filter>소스 파일\Manage_Board\Piece</Filter>
    </ClCompile>
    <ClCompile Include="Rook.cpp">
      <Filter>소스 파일\Manage_Board\Piece</Filter>
    </ClCompile>
    <ClCompile Include="Queen.cpp">
      <Filter>소스 파일\Manage_Board\Piece</Filter>
    </ClCompile>
    <ClCompile Include="King.cpp">
      <Filter>소스 파일\Manage_Board\Piece</Filter>
    </ClCompile>
    <ClCompile Include="BoardUI.cpp">
      <Filter>소스 파일\Manage_Board\BoardUI</Filter>
    </ClCompile>
    <ClCompile Include="BoardUIController.cpp">
      <Filter>소스 파일\Manage_Board\BoardUIController</Filter>
    </ClCompile>
    <ClCompile Include="ChessAI.cpp">
      <Filter>소스 파일\Manage_AI\ChessAI</Filter>
    </ClCompile>
    <ClCompile Include="BasicMaterialEvaluator.cpp">
      <Filter>소스 파일\Manage_AI\BasicMaterialEvaluator</Filter>
    </ClCompile>
    <ClCompile Include="FMOD.cpp">
      <Filter>소스 파일\FMOD</Filter>
    </ClCompile>
    <ClCompile Include="Transition.cpp">
      <Filter>소스 파일\Transition</Filter>
    </ClCompile>
    <ClCompile Include="TransitionChar.cpp">
      <Filter>소스 파일\TransitionChar</Filter>
    </ClCompile>
    <ClCompile Include="BattleManager.cpp">
      <Filter>소스 파일\BattleManager</Filter>
    </ClCompile>
  </ItemGroup>
</Project>